// !$*UTF8*$!
{
	archiveVersion = 1;
	classes = {
	};
	objectVersion = 50;
	objects = {

/* Begin PBXBuildFile section */
		92244A0726989BBC00C205B7 /* AppDelegate.swift in Sources */ = {isa = PBXBuildFile; fileRef = 92244A0626989BBC00C205B7 /* AppDelegate.swift */; };
		92244A0926989BBC00C205B7 /* SceneDelegate.swift in Sources */ = {isa = PBXBuildFile; fileRef = 92244A0826989BBC00C205B7 /* SceneDelegate.swift */; };
		92244A0B26989BBC00C205B7 /* ViewController.swift in Sources */ = {isa = PBXBuildFile; fileRef = 92244A0A26989BBC00C205B7 /* ViewController.swift */; };
		92244A0E26989BBC00C205B7 /* Main.storyboard in Resources */ = {isa = PBXBuildFile; fileRef = 92244A0C26989BBC00C205B7 /* Main.storyboard */; };
		92244A1026989BBE00C205B7 /* Assets.xcassets in Resources */ = {isa = PBXBuildFile; fileRef = 92244A0F26989BBE00C205B7 /* Assets.xcassets */; };
		92244A1326989BBE00C205B7 /* LaunchScreen.storyboard in Resources */ = {isa = PBXBuildFile; fileRef = 92244A1126989BBE00C205B7 /* LaunchScreen.storyboard */; };
		92244A2526989C2D00C205B7 /* nssl0049.jpg in Resources */ = {isa = PBXBuildFile; fileRef = 92244A1B26989C2D00C205B7 /* nssl0049.jpg */; };
		92244A2626989C2D00C205B7 /* nssl0046.jpg in Resources */ = {isa = PBXBuildFile; fileRef = 92244A1C26989C2D00C205B7 /* nssl0046.jpg */; };
		92244A2726989C2D00C205B7 /* nssl0091.jpg in Resources */ = {isa = PBXBuildFile; fileRef = 92244A1D26989C2D00C205B7 /* nssl0091.jpg */; };
		92244A2826989C2D00C205B7 /* nssl0045.jpg in Resources */ = {isa = PBXBuildFile; fileRef = 92244A1E26989C2D00C205B7 /* nssl0045.jpg */; };
		92244A2926989C2D00C205B7 /* nssl0051.jpg in Resources */ = {isa = PBXBuildFile; fileRef = 92244A1F26989C2D00C205B7 /* nssl0051.jpg */; };
		92244A2A26989C2D00C205B7 /* nssl0041.jpg in Resources */ = {isa = PBXBuildFile; fileRef = 92244A2026989C2D00C205B7 /* nssl0041.jpg */; };
		92244A2B26989C2D00C205B7 /* nssl0042.jpg in Resources */ = {isa = PBXBuildFile; fileRef = 92244A2126989C2D00C205B7 /* nssl0042.jpg */; };
		92244A2C26989C2D00C205B7 /* nssl0043.jpg in Resources */ = {isa = PBXBuildFile; fileRef = 92244A2226989C2D00C205B7 /* nssl0043.jpg */; };
		92244A2D26989C2D00C205B7 /* nssl0033.jpg in Resources */ = {isa = PBXBuildFile; fileRef = 92244A2326989C2D00C205B7 /* nssl0033.jpg */; };
		92244A2E26989C2D00C205B7 /* nssl0034.jpg in Resources */ = {isa = PBXBuildFile; fileRef = 92244A2426989C2D00C205B7 /* nssl0034.jpg */; };
		92244A302698A2F300C205B7 /* DetailViewController.swift in Sources */ = {isa = PBXBuildFile; fileRef = 92244A2F2698A2F300C205B7 /* DetailViewController.swift */; };
/* End PBXBuildFile section */

/* Begin PBXFileReference section */
		92244A0326989BBC00C205B7 /* Project1.app */ = {isa = PBXFileReference; explicitFileType = wrapper.application; includeInIndex = 0; path = Project1.app; sourceTree = BUILT_PRODUCTS_DIR; };
		92244A0626989BBC00C205B7 /* AppDelegate.swift */ = {isa = PBXFileReference; lastKnownFileType = sourcecode.swift; path = AppDelegate.swift; sourceTree = "<group>"; };
		92244A0826989BBC00C205B7 /* SceneDelegate.swift */ = {isa = PBXFileReference; lastKnownFileType = sourcecode.swift; path = SceneDelegate.swift; sourceTree = "<group>"; };
		92244A0A26989BBC00C205B7 /* ViewController.swift */ = {isa = PBXFileReference; lastKnownFileType = sourcecode.swift; path = ViewController.swift; sourceTree = "<group>"; };
		92244A0D26989BBC00C205B7 /* Base */ = {isa = PBXFileReference; lastKnownFileType = file.storyboard; name = Base; path = Base.lproj/Main.storyboard; sourceTree = "<group>"; };
		92244A0F26989BBE00C205B7 /* Assets.xcassets */ = {isa = PBXFileReference; lastKnownFileType = folder.assetcatalog; path = Assets.xcassets; sourceTree = "<group>"; };
		92244A1226989BBE00C205B7 /* Base */ = {isa = PBXFileReference; lastKnownFileType = file.storyboard; name = Base; path = Base.lproj/LaunchScreen.storyboard; sourceTree = "<group>"; };
		92244A1426989BBE00C205B7 /* Info.plist */ = {isa = PBXFileReference; lastKnownFileType = text.plist.xml; path = Info.plist; sourceTree = "<group>"; };
		92244A1B26989C2D00C205B7 /* nssl0049.jpg */ = {isa = PBXFileReference; lastKnownFileType = image.jpeg; path = nssl0049.jpg; sourceTree = "<group>"; };
		92244A1C26989C2D00C205B7 /* nssl0046.jpg */ = {isa = PBXFileReference; lastKnownFileType = image.jpeg; path = nssl0046.jpg; sourceTree = "<group>"; };
		92244A1D26989C2D00C205B7 /* nssl0091.jpg */ = {isa = PBXFileReference; lastKnownFileType = image.jpeg; path = nssl0091.jpg; sourceTree = "<group>"; };
		92244A1E26989C2D00C205B7 /* nssl0045.jpg */ = {isa = PBXFileReference; lastKnownFileType = image.jpeg; path = nssl0045.jpg; sourceTree = "<group>"; };
		92244A1F26989C2D00C205B7 /* nssl0051.jpg */ = {isa = PBXFileReference; lastKnownFileType = image.jpeg; path = nssl0051.jpg; sourceTree = "<group>"; };
		92244A2026989C2D00C205B7 /* nssl0041.jpg */ = {isa = PBXFileReference; lastKnownFileType = image.jpeg; path = nssl0041.jpg; sourceTree = "<group>"; };
		92244A2126989C2D00C205B7 /* nssl0042.jpg */ = {isa = PBXFileReference; lastKnownFileType = image.jpeg; path = nssl0042.jpg; sourceTree = "<group>"; };
		92244A2226989C2D00C205B7 /* nssl0043.jpg */ = {isa = PBXFileReference; lastKnownFileType = image.jpeg; path = nssl0043.jpg; sourceTree = "<group>"; };
		92244A2326989C2D00C205B7 /* nssl0033.jpg */ = {isa = PBXFileReference; lastKnownFileType = image.jpeg; path = nssl0033.jpg; sourceTree = "<group>"; };
		92244A2426989C2D00C205B7 /* nssl0034.jpg */ = {isa = PBXFileReference; lastKnownFileType = image.jpeg; path = nssl0034.jpg; sourceTree = "<group>"; };
		92244A2F2698A2F300C205B7 /* DetailViewController.swift */ = {isa = PBXFileReference; lastKnownFileType = sourcecode.swift; path = DetailViewController.swift; sourceTree = "<group>"; };
/* End PBXFileReference section */

/* Begin PBXFrameworksBuildPhase section */
		92244A0026989BBC00C205B7 /* Frameworks */ = {
			isa = PBXFrameworksBuildPhase;
			buildActionMask = 2147483647;
			files = (
			);
			runOnlyForDeploymentPostprocessing = 0;
		};
/* End PBXFrameworksBuildPhase section */

/* Begin PBXGroup section */
		922449FA26989BBC00C205B7 = {
			isa = PBXGroup;
			children = (
				92244A0526989BBC00C205B7 /* Project1 */,
				92244A0426989BBC00C205B7 /* Products */,
			);
			sourceTree = "<group>";
		};
		92244A0426989BBC00C205B7 /* Products */ = {
			isa = PBXGroup;
			children = (
				92244A0326989BBC00C205B7 /* Project1.app */,
			);
			name = Products;
			sourceTree = "<group>";
		};
		92244A0526989BBC00C205B7 /* Project1 */ = {
			isa = PBXGroup;
			children = (
				92244A0626989BBC00C205B7 /* AppDelegate.swift */,
				92244A0826989BBC00C205B7 /* SceneDelegate.swift */,
				92244A0A26989BBC00C205B7 /* ViewController.swift */,
				92244A2F2698A2F300C205B7 /* DetailViewController.swift */,
				92244A0C26989BBC00C205B7 /* Main.storyboard */,
				92244A0F26989BBE00C205B7 /* Assets.xcassets */,
				92244A1126989BBE00C205B7 /* LaunchScreen.storyboard */,
				92244A1426989BBE00C205B7 /* Info.plist */,
				92244A1A26989C2D00C205B7 /* Contents */,
			);
			path = Project1;
			sourceTree = "<group>";
		};
		92244A1A26989C2D00C205B7 /* Contents */ = {
			isa = PBXGroup;
			children = (
				92244A1B26989C2D00C205B7 /* nssl0049.jpg */,
				92244A1C26989C2D00C205B7 /* nssl0046.jpg */,
				92244A1D26989C2D00C205B7 /* nssl0091.jpg */,
				92244A1E26989C2D00C205B7 /* nssl0045.jpg */,
				92244A1F26989C2D00C205B7 /* nssl0051.jpg */,
				92244A2026989C2D00C205B7 /* nssl0041.jpg */,
				92244A2126989C2D00C205B7 /* nssl0042.jpg */,
				92244A2226989C2D00C205B7 /* nssl0043.jpg */,
				92244A2326989C2D00C205B7 /* nssl0033.jpg */,
				92244A2426989C2D00C205B7 /* nssl0034.jpg */,
			);
			path = Contents;
			sourceTree = "<group>";
		};
/* End PBXGroup section */

/* Begin PBXNativeTarget section */
		92244A0226989BBC00C205B7 /* Project1 */ = {
			isa = PBXNativeTarget;
			buildConfigurationList = 92244A1726989BBE00C205B7 /* Build configuration list for PBXNativeTarget "Project1" */;
			buildPhases = (
				922449FF26989BBC00C205B7 /* Sources */,
				92244A0026989BBC00C205B7 /* Frameworks */,
				92244A0126989BBC00C205B7 /* Resources */,
			);
			buildRules = (
			);
			dependencies = (
			);
			name = Project1;
			productName = Project1;
			productReference = 92244A0326989BBC00C205B7 /* Project1.app */;
			productType = "com.apple.product-type.application";
		};
/* End PBXNativeTarget section */

/* Begin PBXProject section */
		922449FB26989BBC00C205B7 /* Project object */ = {
			isa = PBXProject;
			attributes = {
				LastSwiftUpdateCheck = 1250;
				LastUpgradeCheck = 1250;
				TargetAttributes = {
					92244A0226989BBC00C205B7 = {
						CreatedOnToolsVersion = 12.5.1;
					};
				};
			};
			buildConfigurationList = 922449FE26989BBC00C205B7 /* Build configuration list for PBXProject "Project1" */;
			compatibilityVersion = "Xcode 9.3";
			developmentRegion = en;
			hasScannedForEncodings = 0;
			knownRegions = (
				en,
				Base,
			);
			mainGroup = 922449FA26989BBC00C205B7;
			productRefGroup = 92244A0426989BBC00C205B7 /* Products */;
			projectDirPath = "";
			projectRoot = "";
			targets = (
				92244A0226989BBC00C205B7 /* Project1 */,
			);
		};
/* End PBXProject section */

/* Begin PBXResourcesBuildPhase section */
		92244A0126989BBC00C205B7 /* Resources */ = {
			isa = PBXResourcesBuildPhase;
			buildActionMask = 2147483647;
			files = (
				92244A2626989C2D00C205B7 /* nssl0046.jpg in Resources */,
				92244A2D26989C2D00C205B7 /* nssl0033.jpg in Resources */,
				92244A2926989C2D00C205B7 /* nssl0051.jpg in Resources */,
				92244A2726989C2D00C205B7 /* nssl0091.jpg in Resources */,
				92244A2C26989C2D00C205B7 /* nssl0043.jpg in Resources */,
				92244A2E26989C2D00C205B7 /* nssl0034.jpg in Resources */,
				92244A2526989C2D00C205B7 /* nssl0049.jpg in Resources */,
				92244A2A26989C2D00C205B7 /* nssl0041.jpg in Resources */,
				92244A2B26989C2D00C205B7 /* nssl0042.jpg in Resources */,
				92244A1326989BBE00C205B7 /* LaunchScreen.storyboard in Resources */,
				92244A1026989BBE00C205B7 /* Assets.xcassets in Resources */,
				92244A2826989C2D00C205B7 /* nssl0045.jpg in Resources */,
				92244A0E26989BBC00C205B7 /* Main.storyboard in Resources */,
			);
			runOnlyForDeploymentPostprocessing = 0;
		};
/* End PBXResourcesBuildPhase section */

/* Begin PBXSourcesBuildPhase section */
		922449FF26989BBC00C205B7 /* Sources */ = {
			isa = PBXSourcesBuildPhase;
			buildActionMask = 2147483647;
			files = (
				92244A0B26989BBC00C205B7 /* ViewController.swift in Sources */,
				92244A0726989BBC00C205B7 /* AppDelegate.swift in Sources */,
				92244A0926989BBC00C205B7 /* SceneDelegate.swift in Sources */,
				92244A302698A2F300C205B7 /* DetailViewController.swift in Sources */,
			);
			runOnlyForDeploymentPostprocessing = 0;
		};
/* End PBXSourcesBuildPhase section */

/* Begin PBXVariantGroup section */
		92244A0C26989BBC00C205B7 /* Main.storyboard */ = {
			isa = PBXVariantGroup;
			children = (
				92244A0D26989BBC00C205B7 /* Base */,
			);
			name = Main.storyboard;
			sourceTree = "<group>";
		};
		92244A1126989BBE00C205B7 /* LaunchScreen.storyboard */ = {
			isa = PBXVariantGroup;
			children = (
				92244A1226989BBE00C205B7 /* Base */,
			);
			name = LaunchScreen.storyboard;
			sourceTree = "<group>";
		};
/* End PBXVariantGroup section */

/* Begin XCBuildConfiguration section */
		92244A1526989BBE00C205B7 /* Debug */ = {
			isa = XCBuildConfiguration;
			buildSettings = {
				ALWAYS_SEARCH_USER_PATHS = NO;
				CLANG_ANALYZER_NONNULL = YES;
				CLANG_ANALYZER_NUMBER_OBJECT_CONVERSION = YES_AGGRESSIVE;
				CLANG_CXX_LANGUAGE_STANDARD = "gnu++14";
				CLANG_CXX_LIBRARY = "libc++";
				CLANG_ENABLE_MODULES = YES;
				CLANG_ENABLE_OBJC_ARC = YES;
				CLANG_ENABLE_OBJC_WEAK = YES;
				CLANG_WARN_BLOCK_CAPTURE_AUTORELEASING = YES;
				CLANG_WARN_BOOL_CONVERSION = YES;
				CLANG_WARN_COMMA = YES;
				CLANG_WARN_CONSTANT_CONVERSION = YES;
				CLANG_WARN_DEPRECATED_OBJC_IMPLEMENTATIONS = YES;
				CLANG_WARN_DIRECT_OBJC_ISA_USAGE = YES_ERROR;
				CLANG_WARN_DOCUMENTATION_COMMENTS = YES;
				CLANG_WARN_EMPTY_BODY = YES;
				CLANG_WARN_ENUM_CONVERSION = YES;
				CLANG_WARN_INFINITE_RECURSION = YES;
				CLANG_WARN_INT_CONVERSION = YES;
				CLANG_WARN_NON_LITERAL_NULL_CONVERSION = YES;
				CLANG_WARN_OBJC_IMPLICIT_RETAIN_SELF = YES;
				CLANG_WARN_OBJC_LITERAL_CONVERSION = YES;
				CLANG_WARN_OBJC_ROOT_CLASS = YES_ERROR;
				CLANG_WARN_QUOTED_INCLUDE_IN_FRAMEWORK_HEADER = YES;
				CLANG_WARN_RANGE_LOOP_ANALYSIS = YES;
				CLANG_WARN_STRICT_PROTOTYPES = YES;
				CLANG_WARN_SUSPICIOUS_MOVE = YES;
				CLANG_WARN_UNGUARDED_AVAILABILITY = YES_AGGRESSIVE;
				CLANG_WARN_UNREACHABLE_CODE = YES;
				CLANG_WARN__DUPLICATE_METHOD_MATCH = YES;
				COPY_PHASE_STRIP = NO;
				DEBUG_INFORMATION_FORMAT = dwarf;
				ENABLE_STRICT_OBJC_MSGSEND = YES;
				ENABLE_TESTABILITY = YES;
				GCC_C_LANGUAGE_STANDARD = gnu11;
				GCC_DYNAMIC_NO_PIC = NO;
				GCC_NO_COMMON_BLOCKS = YES;
				GCC_OPTIMIZATION_LEVEL = 0;
				GCC_PREPROCESSOR_DEFINITIONS = (
					"DEBUG=1",
					"$(inherited)",
				);
				GCC_WARN_64_TO_32_BIT_CONVERSION = YES;
				GCC_WARN_ABOUT_RETURN_TYPE = YES_ERROR;
				GCC_WARN_UNDECLARED_SELECTOR = YES;
				GCC_WARN_UNINITIALIZED_AUTOS = YES_AGGRESSIVE;
				GCC_WARN_UNUSED_FUNCTION = YES;
				GCC_WARN_UNUSED_VARIABLE = YES;
				IPHONEOS_DEPLOYMENT_TARGET = 14.5;
				MTL_ENABLE_DEBUG_INFO = INCLUDE_SOURCE;
				MTL_FAST_MATH = YES;
				ONLY_ACTIVE_ARCH = YES;
				SDKROOT = iphoneos;
				SWIFT_ACTIVE_COMPILATION_CONDITIONS = DEBUG;
				SWIFT_OPTIMIZATION_LEVEL = "-Onone";
			};
			name = Debug;
		};
		92244A1626989BBE00C205B7 /* Release */ = {
			isa = XCBuildConfiguration;
			buildSettings = {
				ALWAYS_SEARCH_USER_PATHS = NO;
				CLANG_ANALYZER_NONNULL = YES;
				CLANG_ANALYZER_NUMBER_OBJECT_CONVERSION = YES_AGGRESSIVE;
				CLANG_CXX_LANGUAGE_STANDARD = "gnu++14";
				CLANG_CXX_LIBRARY = "libc++";
				CLANG_ENABLE_MODULES = YES;
				CLANG_ENABLE_OBJC_ARC = YES;
				CLANG_ENABLE_OBJC_WEAK = YES;
				CLANG_WARN_BLOCK_CAPTURE_AUTORELEASING = YES;
				CLANG_WARN_BOOL_CONVERSION = YES;
				CLANG_WARN_COMMA = YES;
				CLANG_WARN_CONSTANT_CONVERSION = YES;
				CLANG_WARN_DEPRECATED_OBJC_IMPLEMENTATIONS = YES;
				CLANG_WARN_DIRECT_OBJC_ISA_USAGE = YES_ERROR;
				CLANG_WARN_DOCUMENTATION_COMMENTS = YES;
				CLANG_WARN_EMPTY_BODY = YES;
				CLANG_WARN_ENUM_CONVERSION = YES;
				CLANG_WARN_INFINITE_RECURSION = YES;
				CLANG_WARN_INT_CONVERSION = YES;
				CLANG_WARN_NON_LITERAL_NULL_CONVERSION = YES;
				CLANG_WARN_OBJC_IMPLICIT_RETAIN_SELF = YES;
				CLANG_WARN_OBJC_LITERAL_CONVERSION = YES;
				CLANG_WARN_OBJC_ROOT_CLASS = YES_ERROR;
				CLANG_WARN_QUOTED_INCLUDE_IN_FRAMEWORK_HEADER = YES;
				CLANG_WARN_RANGE_LOOP_ANALYSIS = YES;
				CLANG_WARN_STRICT_PROTOTYPES = YES;
				CLANG_WARN_SUSPICIOUS_MOVE = YES;
				CLANG_WARN_UNGUARDED_AVAILABILITY = YES_AGGRESSIVE;
				CLANG_WARN_UNREACHABLE_CODE = YES;
				CLANG_WARN__DUPLICATE_METHOD_MATCH = YES;
				COPY_PHASE_STRIP = NO;
				DEBUG_INFORMATION_FORMAT = "dwarf-with-dsym";
				ENABLE_NS_ASSERTIONS = NO;
				ENABLE_STRICT_OBJC_MSGSEND = YES;
				GCC_C_LANGUAGE_STANDARD = gnu11;
				GCC_NO_COMMON_BLOCKS = YES;
				GCC_WARN_64_TO_32_BIT_CONVERSION = YES;
				GCC_WARN_ABOUT_RETURN_TYPE = YES_ERROR;
				GCC_WARN_UNDECLARED_SELECTOR = YES;
				GCC_WARN_UNINITIALIZED_AUTOS = YES_AGGRESSIVE;
				GCC_WARN_UNUSED_FUNCTION = YES;
				GCC_WARN_UNUSED_VARIABLE = YES;
				IPHONEOS_DEPLOYMENT_TARGET = 14.5;
				MTL_ENABLE_DEBUG_INFO = NO;
				MTL_FAST_MATH = YES;
				SDKROOT = iphoneos;
				SWIFT_COMPILATION_MODE = wholemodule;
				SWIFT_OPTIMIZATION_LEVEL = "-O";
				VALIDATE_PRODUCT = YES;
			};
			name = Release;
		};
		92244A1826989BBE00C205B7 /* Debug */ = {
			isa = XCBuildConfiguration;
			buildSettings = {
				ASSETCATALOG_COMPILER_APPICON_NAME = AppIcon;
				ASSETCATALOG_COMPILER_GLOBAL_ACCENT_COLOR_NAME = AccentColor;
				CODE_SIGN_STYLE = Automatic;
				INFOPLIST_FILE = Project1/Info.plist;
				LD_RUNPATH_SEARCH_PATHS = (
					"$(inherited)",
					"@executable_path/Frameworks",
				);
				PRODUCT_BUNDLE_IDENTIFIER = com.example.Project1;
				PRODUCT_NAME = "$(TARGET_NAME)";
				SWIFT_VERSION = 5.0;
				TARGETED_DEVICE_FAMILY = "1,2";
			};
			name = Debug;
		};
		92244A1926989BBE00C205B7 /* Release */ = {
			isa = XCBuildConfiguration;
			buildSettings = {
				ASSETCATALOG_COMPILER_APPICON_NAME = AppIcon;
				ASSETCATALOG_COMPILER_GLOBAL_ACCENT_COLOR_NAME = AccentColor;
				CODE_SIGN_STYLE = Automatic;
				INFOPLIST_FILE = Project1/Info.plist;
				LD_RUNPATH_SEARCH_PATHS = (
					"$(inherited)",
					"@executable_path/Frameworks",
				);
				PRODUCT_BUNDLE_IDENTIFIER = com.example.Project1;
				PRODUCT_NAME = "$(TARGET_NAME)";
				SWIFT_VERSION = 5.0;
				TARGETED_DEVICE_FAMILY = "1,2";
			};
			name = Release;
		};
/* End XCBuildConfiguration section */

/* Begin XCConfigurationList section */
		922449FE26989BBC00C205B7 /* Build configuration list for PBXProject "Project1" */ = {
			isa = XCConfigurationList;
			buildConfigurations = (
				92244A1526989BBE00C205B7 /* Debug */,
				92244A1626989BBE00C205B7 /* Release */,
			);
			defaultConfigurationIsVisible = 0;
			defaultConfigurationName = Release;
		};
		92244A1726989BBE00C205B7 /* Build configuration list for PBXNativeTarget "Project1" */ = {
			isa = XCConfigurationList;
			buildConfigurations = (
				92244A1826989BBE00C205B7 /* Debug */,
				92244A1926989BBE00C205B7 /* Release */,
			);
			defaultConfigurationIsVisible = 0;
			defaultConfigurationName = Release;
		};
/* End XCConfigurationList section */
	};
	rootObject = 922449FB26989BBC00C205B7 /* Project object */;
}
